// !$*UTF8*$!
{
	archiveVersion = 1;
	classes = {
	};
	objectVersion = 51;
	objects = {

/* Begin PBXBuildFile section */
		0DD3C5A484BFA0F059C1ADF5 /* Pods_JD_FarmerTests.framework in Frameworks */ = {isa = PBXBuildFile; fileRef = 7FBBF2A962D757FCA0A42239 /* Pods_JD_FarmerTests.framework */; };
		2CA71A0C23671BB600727CAE /* AppDelegate.swift in Sources */ = {isa = PBXBuildFile; fileRef = 2CA71A0B23671BB600727CAE /* AppDelegate.swift */; };
		2CA71A0E23671BB600727CAE /* SceneDelegate.swift in Sources */ = {isa = PBXBuildFile; fileRef = 2CA71A0D23671BB600727CAE /* SceneDelegate.swift */; };
		2CA71A1023671BB600727CAE /* ContentView.swift in Sources */ = {isa = PBXBuildFile; fileRef = 2CA71A0F23671BB600727CAE /* ContentView.swift */; };
		2CA71A1223671BB800727CAE /* Assets.xcassets in Resources */ = {isa = PBXBuildFile; fileRef = 2CA71A1123671BB800727CAE /* Assets.xcassets */; };
		2CA71A1523671BB800727CAE /* Preview Assets.xcassets in Resources */ = {isa = PBXBuildFile; fileRef = 2CA71A1423671BB800727CAE /* Preview Assets.xcassets */; };
		2CA71A1823671BB800727CAE /* LaunchScreen.storyboard in Resources */ = {isa = PBXBuildFile; fileRef = 2CA71A1623671BB800727CAE /* LaunchScreen.storyboard */; };
		2CA71A2323671BB800727CAE /* JD_FarmerTests.swift in Sources */ = {isa = PBXBuildFile; fileRef = 2CA71A2223671BB800727CAE /* JD_FarmerTests.swift */; };
		2CA71A2E23671BB800727CAE /* JD_FarmerUITests.swift in Sources */ = {isa = PBXBuildFile; fileRef = 2CA71A2D23671BB800727CAE /* JD_FarmerUITests.swift */; };
		2CA71A48236720E300727CAE /* DummyModel.swift in Sources */ = {isa = PBXBuildFile; fileRef = 2CA71A47236720E300727CAE /* DummyModel.swift */; };
		2CA71A4B2367210700727CAE /* DummyUtility.swift in Sources */ = {isa = PBXBuildFile; fileRef = 2CA71A4A2367210700727CAE /* DummyUtility.swift */; };
		2CA71A4D236721BA00727CAE /* Intents.intentdefinition in Sources */ = {isa = PBXBuildFile; fileRef = 2CA71A4C236721BA00727CAE /* Intents.intentdefinition */; };
		7914C2D1237473AB008E2B24 /* User.swift in Sources */ = {isa = PBXBuildFile; fileRef = 7914C2D0237473AB008E2B24 /* User.swift */; };
		7914C2D32374806A008E2B24 /* Organization.swift in Sources */ = {isa = PBXBuildFile; fileRef = 7914C2D22374806A008E2B24 /* Organization.swift */; };
		7914C2D523748169008E2B24 /* UserOrganization.swift in Sources */ = {isa = PBXBuildFile; fileRef = 7914C2D423748169008E2B24 /* UserOrganization.swift */; };
		7914C2D7237481E3008E2B24 /* Field.swift in Sources */ = {isa = PBXBuildFile; fileRef = 7914C2D6237481E3008E2B24 /* Field.swift */; };
		7914C2D9237482CB008E2B24 /* Visit.swift in Sources */ = {isa = PBXBuildFile; fileRef = 7914C2D8237482CB008E2B24 /* Visit.swift */; };
		7914C2DB2374832F008E2B24 /* Notification.swift in Sources */ = {isa = PBXBuildFile; fileRef = 7914C2DA2374832F008E2B24 /* Notification.swift */; };
		7914C2DD237483F2008E2B24 /* Note.swift in Sources */ = {isa = PBXBuildFile; fileRef = 7914C2DC237483F2008E2B24 /* Note.swift */; };
		C88618FE70143C28A1FC3060 /* Pods_JD_Farmer_JD_FarmerUITests.framework in Frameworks */ = {isa = PBXBuildFile; fileRef = 6C6F6629DA9353A0076A0A4C /* Pods_JD_Farmer_JD_FarmerUITests.framework */; };
		DFBB0B810344DB43E71DFF62 /* Pods_JD_Farmer.framework in Frameworks */ = {isa = PBXBuildFile; fileRef = 362921B01F6D2080017937A7 /* Pods_JD_Farmer.framework */; };
/* End PBXBuildFile section */

/* Begin PBXContainerItemProxy section */
		2CA71A1F23671BB800727CAE /* PBXContainerItemProxy */ = {
			isa = PBXContainerItemProxy;
			containerPortal = 2CA71A0023671BB600727CAE /* Project object */;
			proxyType = 1;
			remoteGlobalIDString = 2CA71A0723671BB600727CAE;
			remoteInfo = "JD Farmer";
		};
		2CA71A2A23671BB800727CAE /* PBXContainerItemProxy */ = {
			isa = PBXContainerItemProxy;
			containerPortal = 2CA71A0023671BB600727CAE /* Project object */;
			proxyType = 1;
			remoteGlobalIDString = 2CA71A0723671BB600727CAE;
			remoteInfo = "JD Farmer";
		};
/* End PBXContainerItemProxy section */

/* Begin PBXFileReference section */
		00740ADAA2D5A561FCD5C4D1 /* Pods-JD FarmerTests.debug.xcconfig */ = {isa = PBXFileReference; includeInIndex = 1; lastKnownFileType = text.xcconfig; name = "Pods-JD FarmerTests.debug.xcconfig"; path = "Target Support Files/Pods-JD FarmerTests/Pods-JD FarmerTests.debug.xcconfig"; sourceTree = "<group>"; };
		0C8999967C1D21521A8DC888 /* Pods-JD FarmerTests.release.xcconfig */ = {isa = PBXFileReference; includeInIndex = 1; lastKnownFileType = text.xcconfig; name = "Pods-JD FarmerTests.release.xcconfig"; path = "Target Support Files/Pods-JD FarmerTests/Pods-JD FarmerTests.release.xcconfig"; sourceTree = "<group>"; };
		2CA71A0823671BB600727CAE /* JD Farmer.app */ = {isa = PBXFileReference; explicitFileType = wrapper.application; includeInIndex = 0; path = "JD Farmer.app"; sourceTree = BUILT_PRODUCTS_DIR; };
		2CA71A0B23671BB600727CAE /* AppDelegate.swift */ = {isa = PBXFileReference; lastKnownFileType = sourcecode.swift; path = AppDelegate.swift; sourceTree = "<group>"; };
		2CA71A0D23671BB600727CAE /* SceneDelegate.swift */ = {isa = PBXFileReference; lastKnownFileType = sourcecode.swift; path = SceneDelegate.swift; sourceTree = "<group>"; };
		2CA71A0F23671BB600727CAE /* ContentView.swift */ = {isa = PBXFileReference; lastKnownFileType = sourcecode.swift; path = ContentView.swift; sourceTree = "<group>"; };
		2CA71A1123671BB800727CAE /* Assets.xcassets */ = {isa = PBXFileReference; lastKnownFileType = folder.assetcatalog; path = Assets.xcassets; sourceTree = "<group>"; };
		2CA71A1423671BB800727CAE /* Preview Assets.xcassets */ = {isa = PBXFileReference; lastKnownFileType = folder.assetcatalog; path = "Preview Assets.xcassets"; sourceTree = "<group>"; };
		2CA71A1723671BB800727CAE /* Base */ = {isa = PBXFileReference; lastKnownFileType = file.storyboard; name = Base; path = Base.lproj/LaunchScreen.storyboard; sourceTree = "<group>"; };
		2CA71A1923671BB800727CAE /* Info.plist */ = {isa = PBXFileReference; lastKnownFileType = text.plist.xml; path = Info.plist; sourceTree = "<group>"; };
		2CA71A1E23671BB800727CAE /* JD FarmerTests.xctest */ = {isa = PBXFileReference; explicitFileType = wrapper.cfbundle; includeInIndex = 0; path = "JD FarmerTests.xctest"; sourceTree = BUILT_PRODUCTS_DIR; };
		2CA71A2223671BB800727CAE /* JD_FarmerTests.swift */ = {isa = PBXFileReference; lastKnownFileType = sourcecode.swift; path = JD_FarmerTests.swift; sourceTree = "<group>"; };
		2CA71A2423671BB800727CAE /* Info.plist */ = {isa = PBXFileReference; lastKnownFileType = text.plist.xml; path = Info.plist; sourceTree = "<group>"; };
		2CA71A2923671BB800727CAE /* JD FarmerUITests.xctest */ = {isa = PBXFileReference; explicitFileType = wrapper.cfbundle; includeInIndex = 0; path = "JD FarmerUITests.xctest"; sourceTree = BUILT_PRODUCTS_DIR; };
		2CA71A2D23671BB800727CAE /* JD_FarmerUITests.swift */ = {isa = PBXFileReference; lastKnownFileType = sourcecode.swift; path = JD_FarmerUITests.swift; sourceTree = "<group>"; };
		2CA71A2F23671BB800727CAE /* Info.plist */ = {isa = PBXFileReference; lastKnownFileType = text.plist.xml; path = Info.plist; sourceTree = "<group>"; };
		2CA71A47236720E300727CAE /* DummyModel.swift */ = {isa = PBXFileReference; lastKnownFileType = sourcecode.swift; path = DummyModel.swift; sourceTree = "<group>"; };
		2CA71A4A2367210700727CAE /* DummyUtility.swift */ = {isa = PBXFileReference; lastKnownFileType = sourcecode.swift; path = DummyUtility.swift; sourceTree = "<group>"; };
		2CA71A4C236721BA00727CAE /* Intents.intentdefinition */ = {isa = PBXFileReference; lastKnownFileType = file.intentdefinition; path = Intents.intentdefinition; sourceTree = "<group>"; };
		2CA71A4E2367231D00727CAE /* JD Farmer.entitlements */ = {isa = PBXFileReference; lastKnownFileType = text.plist.entitlements; path = "JD Farmer.entitlements"; sourceTree = "<group>"; };
		362921B01F6D2080017937A7 /* Pods_JD_Farmer.framework */ = {isa = PBXFileReference; explicitFileType = wrapper.framework; includeInIndex = 0; path = Pods_JD_Farmer.framework; sourceTree = BUILT_PRODUCTS_DIR; };
		5B96D0F0C608BAB62EC2B9AC /* Pods-JD Farmer.debug.xcconfig */ = {isa = PBXFileReference; includeInIndex = 1; lastKnownFileType = text.xcconfig; name = "Pods-JD Farmer.debug.xcconfig"; path = "Target Support Files/Pods-JD Farmer/Pods-JD Farmer.debug.xcconfig"; sourceTree = "<group>"; };
		6C6F6629DA9353A0076A0A4C /* Pods_JD_Farmer_JD_FarmerUITests.framework */ = {isa = PBXFileReference; explicitFileType = wrapper.framework; includeInIndex = 0; path = Pods_JD_Farmer_JD_FarmerUITests.framework; sourceTree = BUILT_PRODUCTS_DIR; };
		7914C2D0237473AB008E2B24 /* User.swift */ = {isa = PBXFileReference; lastKnownFileType = sourcecode.swift; path = User.swift; sourceTree = "<group>"; };
		7914C2D22374806A008E2B24 /* Organization.swift */ = {isa = PBXFileReference; lastKnownFileType = sourcecode.swift; path = Organization.swift; sourceTree = "<group>"; };
		7914C2D423748169008E2B24 /* UserOrganization.swift */ = {isa = PBXFileReference; lastKnownFileType = sourcecode.swift; path = UserOrganization.swift; sourceTree = "<group>"; };
		7914C2D6237481E3008E2B24 /* Field.swift */ = {isa = PBXFileReference; lastKnownFileType = sourcecode.swift; path = Field.swift; sourceTree = "<group>"; };
		7914C2D8237482CB008E2B24 /* Visit.swift */ = {isa = PBXFileReference; lastKnownFileType = sourcecode.swift; path = Visit.swift; sourceTree = "<group>"; };
		7914C2DA2374832F008E2B24 /* Notification.swift */ = {isa = PBXFileReference; lastKnownFileType = sourcecode.swift; path = Notification.swift; sourceTree = "<group>"; };
		7914C2DC237483F2008E2B24 /* Note.swift */ = {isa = PBXFileReference; lastKnownFileType = sourcecode.swift; path = Note.swift; sourceTree = "<group>"; };
		7FBBF2A962D757FCA0A42239 /* Pods_JD_FarmerTests.framework */ = {isa = PBXFileReference; explicitFileType = wrapper.framework; includeInIndex = 0; path = Pods_JD_FarmerTests.framework; sourceTree = BUILT_PRODUCTS_DIR; };
		E2064C40688FBFB56C1D2C5D /* Pods-JD Farmer.release.xcconfig */ = {isa = PBXFileReference; includeInIndex = 1; lastKnownFileType = text.xcconfig; name = "Pods-JD Farmer.release.xcconfig"; path = "Target Support Files/Pods-JD Farmer/Pods-JD Farmer.release.xcconfig"; sourceTree = "<group>"; };
		E6496652DF594EBE1658434E /* Pods-JD Farmer-JD FarmerUITests.debug.xcconfig */ = {isa = PBXFileReference; includeInIndex = 1; lastKnownFileType = text.xcconfig; name = "Pods-JD Farmer-JD FarmerUITests.debug.xcconfig"; path = "Target Support Files/Pods-JD Farmer-JD FarmerUITests/Pods-JD Farmer-JD FarmerUITests.debug.xcconfig"; sourceTree = "<group>"; };
		EDF39F22B82611F50CAB3355 /* Pods-JD Farmer-JD FarmerUITests.release.xcconfig */ = {isa = PBXFileReference; includeInIndex = 1; lastKnownFileType = text.xcconfig; name = "Pods-JD Farmer-JD FarmerUITests.release.xcconfig"; path = "Target Support Files/Pods-JD Farmer-JD FarmerUITests/Pods-JD Farmer-JD FarmerUITests.release.xcconfig"; sourceTree = "<group>"; };
/* End PBXFileReference section */

/* Begin PBXFrameworksBuildPhase section */
		2CA71A0523671BB600727CAE /* Frameworks */ = {
			isa = PBXFrameworksBuildPhase;
			buildActionMask = 2147483647;
			files = (
				DFBB0B810344DB43E71DFF62 /* Pods_JD_Farmer.framework in Frameworks */,
			);
			runOnlyForDeploymentPostprocessing = 0;
		};
		2CA71A1B23671BB800727CAE /* Frameworks */ = {
			isa = PBXFrameworksBuildPhase;
			buildActionMask = 2147483647;
			files = (
				0DD3C5A484BFA0F059C1ADF5 /* Pods_JD_FarmerTests.framework in Frameworks */,
			);
			runOnlyForDeploymentPostprocessing = 0;
		};
		2CA71A2623671BB800727CAE /* Frameworks */ = {
			isa = PBXFrameworksBuildPhase;
			buildActionMask = 2147483647;
			files = (
				C88618FE70143C28A1FC3060 /* Pods_JD_Farmer_JD_FarmerUITests.framework in Frameworks */,
			);
			runOnlyForDeploymentPostprocessing = 0;
		};
/* End PBXFrameworksBuildPhase section */

/* Begin PBXGroup section */
		1942787D24ADC969894532F7 /* Frameworks */ = {
			isa = PBXGroup;
			children = (
				362921B01F6D2080017937A7 /* Pods_JD_Farmer.framework */,
				6C6F6629DA9353A0076A0A4C /* Pods_JD_Farmer_JD_FarmerUITests.framework */,
				7FBBF2A962D757FCA0A42239 /* Pods_JD_FarmerTests.framework */,
			);
			name = Frameworks;
			sourceTree = "<group>";
		};
		2CA719FF23671BB600727CAE = {
			isa = PBXGroup;
			children = (
				2CA71A0A23671BB600727CAE /* JD Farmer */,
				2CA71A2123671BB800727CAE /* JD FarmerTests */,
				2CA71A2C23671BB800727CAE /* JD FarmerUITests */,
				2CA71A0923671BB600727CAE /* Products */,
				3E87DB84F809F17092FC78DB /* Pods */,
				1942787D24ADC969894532F7 /* Frameworks */,
			);
			sourceTree = "<group>";
		};
		2CA71A0923671BB600727CAE /* Products */ = {
			isa = PBXGroup;
			children = (
				2CA71A0823671BB600727CAE /* JD Farmer.app */,
				2CA71A1E23671BB800727CAE /* JD FarmerTests.xctest */,
				2CA71A2923671BB800727CAE /* JD FarmerUITests.xctest */,
			);
			name = Products;
			sourceTree = "<group>";
		};
		2CA71A0A23671BB600727CAE /* JD Farmer */ = {
			isa = PBXGroup;
			children = (
				2CA71A4E2367231D00727CAE /* JD Farmer.entitlements */,
				2CA71A4C236721BA00727CAE /* Intents.intentdefinition */,
				2CA71A1123671BB800727CAE /* Assets.xcassets */,
				2CA71A0B23671BB600727CAE /* AppDelegate.swift */,
				2CA71A1923671BB800727CAE /* Info.plist */,
				2CA71A3E23671C1100727CAE /* Utilities */,
				2CA71A3B23671BFD00727CAE /* Views */,
				2CA71A3D23671C0A00727CAE /* Models */,
				2CA71A3C23671C0300727CAE /* Controllers */,
				2CA71A1323671BB800727CAE /* Preview Content */,
			);
			path = "JD Farmer";
			sourceTree = "<group>";
		};
		2CA71A1323671BB800727CAE /* Preview Content */ = {
			isa = PBXGroup;
			children = (
				2CA71A1423671BB800727CAE /* Preview Assets.xcassets */,
			);
			path = "Preview Content";
			sourceTree = "<group>";
		};
		2CA71A2123671BB800727CAE /* JD FarmerTests */ = {
			isa = PBXGroup;
			children = (
				2CA71A2223671BB800727CAE /* JD_FarmerTests.swift */,
				2CA71A2423671BB800727CAE /* Info.plist */,
			);
			path = "JD FarmerTests";
			sourceTree = "<group>";
		};
		2CA71A2C23671BB800727CAE /* JD FarmerUITests */ = {
			isa = PBXGroup;
			children = (
				2CA71A2D23671BB800727CAE /* JD_FarmerUITests.swift */,
				2CA71A2F23671BB800727CAE /* Info.plist */,
			);
			path = "JD FarmerUITests";
			sourceTree = "<group>";
		};
		2CA71A3B23671BFD00727CAE /* Views */ = {
			isa = PBXGroup;
			children = (
				2CA71A1623671BB800727CAE /* LaunchScreen.storyboard */,
				2CA71A4223671C4300727CAE /* CarPlay */,
				2CA71A4123671C3C00727CAE /* IPhone */,
			);
			path = Views;
			sourceTree = "<group>";
		};
		2CA71A3C23671C0300727CAE /* Controllers */ = {
			isa = PBXGroup;
			children = (
				2CA71A3F23671C1B00727CAE /* CarPlay */,
				2CA71A4023671C2100727CAE /* IPhone */,
			);
			path = Controllers;
			sourceTree = "<group>";
		};
		2CA71A3D23671C0A00727CAE /* Models */ = {
			isa = PBXGroup;
			children = (
				2CA71A47236720E300727CAE /* DummyModel.swift */,
				7914C2D0237473AB008E2B24 /* User.swift */,
				7914C2D22374806A008E2B24 /* Organization.swift */,
				7914C2D423748169008E2B24 /* UserOrganization.swift */,
				7914C2D6237481E3008E2B24 /* Field.swift */,
				7914C2D8237482CB008E2B24 /* Visit.swift */,
				7914C2DA2374832F008E2B24 /* Notification.swift */,
				7914C2DC237483F2008E2B24 /* Note.swift */,
			);
			path = Models;
			sourceTree = "<group>";
		};
		2CA71A3E23671C1100727CAE /* Utilities */ = {
			isa = PBXGroup;
			children = (
				2CA71A4A2367210700727CAE /* DummyUtility.swift */,
			);
			path = Utilities;
			sourceTree = "<group>";
		};
		2CA71A3F23671C1B00727CAE /* CarPlay */ = {
			isa = PBXGroup;
			children = (
			);
			path = CarPlay;
			sourceTree = "<group>";
		};
		2CA71A4023671C2100727CAE /* IPhone */ = {
			isa = PBXGroup;
			children = (
				2CA71A0D23671BB600727CAE /* SceneDelegate.swift */,
				2CA71A0F23671BB600727CAE /* ContentView.swift */,
			);
			path = IPhone;
			sourceTree = "<group>";
		};
		2CA71A4123671C3C00727CAE /* IPhone */ = {
			isa = PBXGroup;
			children = (
			);
			path = IPhone;
			sourceTree = "<group>";
		};
		2CA71A4223671C4300727CAE /* CarPlay */ = {
			isa = PBXGroup;
			children = (
			);
			path = CarPlay;
			sourceTree = "<group>";
		};
		3E87DB84F809F17092FC78DB /* Pods */ = {
			isa = PBXGroup;
			children = (
				5B96D0F0C608BAB62EC2B9AC /* Pods-JD Farmer.debug.xcconfig */,
				E2064C40688FBFB56C1D2C5D /* Pods-JD Farmer.release.xcconfig */,
				E6496652DF594EBE1658434E /* Pods-JD Farmer-JD FarmerUITests.debug.xcconfig */,
				EDF39F22B82611F50CAB3355 /* Pods-JD Farmer-JD FarmerUITests.release.xcconfig */,
				00740ADAA2D5A561FCD5C4D1 /* Pods-JD FarmerTests.debug.xcconfig */,
				0C8999967C1D21521A8DC888 /* Pods-JD FarmerTests.release.xcconfig */,
			);
			path = Pods;
			sourceTree = "<group>";
		};
/* End PBXGroup section */

/* Begin PBXNativeTarget section */
		2CA71A0723671BB600727CAE /* JD Farmer */ = {
			isa = PBXNativeTarget;
			buildConfigurationList = 2CA71A3223671BB800727CAE /* Build configuration list for PBXNativeTarget "JD Farmer" */;
			buildPhases = (
				51BC4168514391CCA703BEEC /* [CP] Check Pods Manifest.lock */,
				2CA71A0423671BB600727CAE /* Sources */,
				2CA71A0523671BB600727CAE /* Frameworks */,
				2CA71A0623671BB600727CAE /* Resources */,
				8AEF3551509E6F5B0445A368 /* [CP] Embed Pods Frameworks */,
			);
			buildRules = (
			);
			dependencies = (
			);
			name = "JD Farmer";
			productName = "JD Farmer";
			productReference = 2CA71A0823671BB600727CAE /* JD Farmer.app */;
			productType = "com.apple.product-type.application";
		};
		2CA71A1D23671BB800727CAE /* JD FarmerTests */ = {
			isa = PBXNativeTarget;
			buildConfigurationList = 2CA71A3523671BB800727CAE /* Build configuration list for PBXNativeTarget "JD FarmerTests" */;
			buildPhases = (
				B1DD0DA4702651EA2CFC3E5E /* [CP] Check Pods Manifest.lock */,
				2CA71A1A23671BB800727CAE /* Sources */,
				2CA71A1B23671BB800727CAE /* Frameworks */,
				2CA71A1C23671BB800727CAE /* Resources */,
				F1660028EB08785C1271A6CD /* [CP] Embed Pods Frameworks */,
			);
			buildRules = (
			);
			dependencies = (
				2CA71A2023671BB800727CAE /* PBXTargetDependency */,
			);
			name = "JD FarmerTests";
			productName = "JD FarmerTests";
			productReference = 2CA71A1E23671BB800727CAE /* JD FarmerTests.xctest */;
			productType = "com.apple.product-type.bundle.unit-test";
		};
		2CA71A2823671BB800727CAE /* JD FarmerUITests */ = {
			isa = PBXNativeTarget;
			buildConfigurationList = 2CA71A3823671BB800727CAE /* Build configuration list for PBXNativeTarget "JD FarmerUITests" */;
			buildPhases = (
				6DBD0E7F5CC84D41DF0A4FBA /* [CP] Check Pods Manifest.lock */,
				2CA71A2523671BB800727CAE /* Sources */,
				2CA71A2623671BB800727CAE /* Frameworks */,
				2CA71A2723671BB800727CAE /* Resources */,
				48A0A78D402AA1ACFDA2D6AF /* [CP] Embed Pods Frameworks */,
			);
			buildRules = (
			);
			dependencies = (
				2CA71A2B23671BB800727CAE /* PBXTargetDependency */,
			);
			name = "JD FarmerUITests";
			productName = "JD FarmerUITests";
			productReference = 2CA71A2923671BB800727CAE /* JD FarmerUITests.xctest */;
			productType = "com.apple.product-type.bundle.ui-testing";
		};
/* End PBXNativeTarget section */

/* Begin PBXProject section */
		2CA71A0023671BB600727CAE /* Project object */ = {
			isa = PBXProject;
			attributes = {
				LastSwiftUpdateCheck = 1110;
				LastUpgradeCheck = 1110;
				ORGANIZATIONNAME = "Ajdari, Arian";
				TargetAttributes = {
					2CA71A0723671BB600727CAE = {
						CreatedOnToolsVersion = 11.1;
					};
					2CA71A1D23671BB800727CAE = {
						CreatedOnToolsVersion = 11.1;
						TestTargetID = 2CA71A0723671BB600727CAE;
					};
					2CA71A2823671BB800727CAE = {
						CreatedOnToolsVersion = 11.1;
						TestTargetID = 2CA71A0723671BB600727CAE;
					};
				};
			};
			buildConfigurationList = 2CA71A0323671BB600727CAE /* Build configuration list for PBXProject "JD Farmer" */;
			compatibilityVersion = "Xcode 9.3";
			developmentRegion = en;
			hasScannedForEncodings = 0;
			knownRegions = (
				en,
				Base,
			);
			mainGroup = 2CA719FF23671BB600727CAE;
			productRefGroup = 2CA71A0923671BB600727CAE /* Products */;
			projectDirPath = "";
			projectRoot = "";
			targets = (
				2CA71A0723671BB600727CAE /* JD Farmer */,
				2CA71A1D23671BB800727CAE /* JD FarmerTests */,
				2CA71A2823671BB800727CAE /* JD FarmerUITests */,
			);
		};
/* End PBXProject section */

/* Begin PBXResourcesBuildPhase section */
		2CA71A0623671BB600727CAE /* Resources */ = {
			isa = PBXResourcesBuildPhase;
			buildActionMask = 2147483647;
			files = (
				2CA71A1823671BB800727CAE /* LaunchScreen.storyboard in Resources */,
				2CA71A1523671BB800727CAE /* Preview Assets.xcassets in Resources */,
				2CA71A1223671BB800727CAE /* Assets.xcassets in Resources */,
			);
			runOnlyForDeploymentPostprocessing = 0;
		};
		2CA71A1C23671BB800727CAE /* Resources */ = {
			isa = PBXResourcesBuildPhase;
			buildActionMask = 2147483647;
			files = (
			);
			runOnlyForDeploymentPostprocessing = 0;
		};
		2CA71A2723671BB800727CAE /* Resources */ = {
			isa = PBXResourcesBuildPhase;
			buildActionMask = 2147483647;
			files = (
			);
			runOnlyForDeploymentPostprocessing = 0;
		};
/* End PBXResourcesBuildPhase section */

/* Begin PBXShellScriptBuildPhase section */
		48A0A78D402AA1ACFDA2D6AF /* [CP] Embed Pods Frameworks */ = {
			isa = PBXShellScriptBuildPhase;
			buildActionMask = 2147483647;
			files = (
			);
			inputFileListPaths = (
				"${PODS_ROOT}/Target Support Files/Pods-JD Farmer-JD FarmerUITests/Pods-JD Farmer-JD FarmerUITests-frameworks-${CONFIGURATION}-input-files.xcfilelist",
			);
			name = "[CP] Embed Pods Frameworks";
			outputFileListPaths = (
				"${PODS_ROOT}/Target Support Files/Pods-JD Farmer-JD FarmerUITests/Pods-JD Farmer-JD FarmerUITests-frameworks-${CONFIGURATION}-output-files.xcfilelist",
			);
			runOnlyForDeploymentPostprocessing = 0;
			shellPath = /bin/sh;
			shellScript = "\"${PODS_ROOT}/Target Support Files/Pods-JD Farmer-JD FarmerUITests/Pods-JD Farmer-JD FarmerUITests-frameworks.sh\"\n";
			showEnvVarsInLog = 0;
		};
		51BC4168514391CCA703BEEC /* [CP] Check Pods Manifest.lock */ = {
			isa = PBXShellScriptBuildPhase;
			buildActionMask = 2147483647;
			files = (
			);
			inputFileListPaths = (
			);
			inputPaths = (
				"${PODS_PODFILE_DIR_PATH}/Podfile.lock",
				"${PODS_ROOT}/Manifest.lock",
			);
			name = "[CP] Check Pods Manifest.lock";
			outputFileListPaths = (
			);
			outputPaths = (
				"$(DERIVED_FILE_DIR)/Pods-JD Farmer-checkManifestLockResult.txt",
			);
			runOnlyForDeploymentPostprocessing = 0;
			shellPath = /bin/sh;
			shellScript = "diff \"${PODS_PODFILE_DIR_PATH}/Podfile.lock\" \"${PODS_ROOT}/Manifest.lock\" > /dev/null\nif [ $? != 0 ] ; then\n    # print error to STDERR\n    echo \"error: The sandbox is not in sync with the Podfile.lock. Run 'pod install' or update your CocoaPods installation.\" >&2\n    exit 1\nfi\n# This output is used by Xcode 'outputs' to avoid re-running this script phase.\necho \"SUCCESS\" > \"${SCRIPT_OUTPUT_FILE_0}\"\n";
			showEnvVarsInLog = 0;
		};
		6DBD0E7F5CC84D41DF0A4FBA /* [CP] Check Pods Manifest.lock */ = {
			isa = PBXShellScriptBuildPhase;
			buildActionMask = 2147483647;
			files = (
			);
			inputFileListPaths = (
			);
			inputPaths = (
				"${PODS_PODFILE_DIR_PATH}/Podfile.lock",
				"${PODS_ROOT}/Manifest.lock",
			);
			name = "[CP] Check Pods Manifest.lock";
			outputFileListPaths = (
			);
			outputPaths = (
				"$(DERIVED_FILE_DIR)/Pods-JD Farmer-JD FarmerUITests-checkManifestLockResult.txt",
			);
			runOnlyForDeploymentPostprocessing = 0;
			shellPath = /bin/sh;
			shellScript = "diff \"${PODS_PODFILE_DIR_PATH}/Podfile.lock\" \"${PODS_ROOT}/Manifest.lock\" > /dev/null\nif [ $? != 0 ] ; then\n    # print error to STDERR\n    echo \"error: The sandbox is not in sync with the Podfile.lock. Run 'pod install' or update your CocoaPods installation.\" >&2\n    exit 1\nfi\n# This output is used by Xcode 'outputs' to avoid re-running this script phase.\necho \"SUCCESS\" > \"${SCRIPT_OUTPUT_FILE_0}\"\n";
			showEnvVarsInLog = 0;
		};
		8AEF3551509E6F5B0445A368 /* [CP] Embed Pods Frameworks */ = {
			isa = PBXShellScriptBuildPhase;
			buildActionMask = 2147483647;
			files = (
			);
			inputFileListPaths = (
				"${PODS_ROOT}/Target Support Files/Pods-JD Farmer/Pods-JD Farmer-frameworks-${CONFIGURATION}-input-files.xcfilelist",
			);
			name = "[CP] Embed Pods Frameworks";
			outputFileListPaths = (
				"${PODS_ROOT}/Target Support Files/Pods-JD Farmer/Pods-JD Farmer-frameworks-${CONFIGURATION}-output-files.xcfilelist",
			);
			runOnlyForDeploymentPostprocessing = 0;
			shellPath = /bin/sh;
			shellScript = "\"${PODS_ROOT}/Target Support Files/Pods-JD Farmer/Pods-JD Farmer-frameworks.sh\"\n";
			showEnvVarsInLog = 0;
		};
		B1DD0DA4702651EA2CFC3E5E /* [CP] Check Pods Manifest.lock */ = {
			isa = PBXShellScriptBuildPhase;
			buildActionMask = 2147483647;
			files = (
			);
			inputFileListPaths = (
			);
			inputPaths = (
				"${PODS_PODFILE_DIR_PATH}/Podfile.lock",
				"${PODS_ROOT}/Manifest.lock",
			);
			name = "[CP] Check Pods Manifest.lock";
			outputFileListPaths = (
			);
			outputPaths = (
				"$(DERIVED_FILE_DIR)/Pods-JD FarmerTests-checkManifestLockResult.txt",
			);
			runOnlyForDeploymentPostprocessing = 0;
			shellPath = /bin/sh;
			shellScript = "diff \"${PODS_PODFILE_DIR_PATH}/Podfile.lock\" \"${PODS_ROOT}/Manifest.lock\" > /dev/null\nif [ $? != 0 ] ; then\n    # print error to STDERR\n    echo \"error: The sandbox is not in sync with the Podfile.lock. Run 'pod install' or update your CocoaPods installation.\" >&2\n    exit 1\nfi\n# This output is used by Xcode 'outputs' to avoid re-running this script phase.\necho \"SUCCESS\" > \"${SCRIPT_OUTPUT_FILE_0}\"\n";
			showEnvVarsInLog = 0;
		};
		F1660028EB08785C1271A6CD /* [CP] Embed Pods Frameworks */ = {
			isa = PBXShellScriptBuildPhase;
			buildActionMask = 2147483647;
			files = (
			);
			inputFileListPaths = (
				"${PODS_ROOT}/Target Support Files/Pods-JD FarmerTests/Pods-JD FarmerTests-frameworks-${CONFIGURATION}-input-files.xcfilelist",
			);
			name = "[CP] Embed Pods Frameworks";
			outputFileListPaths = (
				"${PODS_ROOT}/Target Support Files/Pods-JD FarmerTests/Pods-JD FarmerTests-frameworks-${CONFIGURATION}-output-files.xcfilelist",
			);
			runOnlyForDeploymentPostprocessing = 0;
			shellPath = /bin/sh;
			shellScript = "\"${PODS_ROOT}/Target Support Files/Pods-JD FarmerTests/Pods-JD FarmerTests-frameworks.sh\"\n";
			showEnvVarsInLog = 0;
		};
/* End PBXShellScriptBuildPhase section */

/* Begin PBXSourcesBuildPhase section */
		2CA71A0423671BB600727CAE /* Sources */ = {
			isa = PBXSourcesBuildPhase;
			buildActionMask = 2147483647;
			files = (
				7914C2D7237481E3008E2B24 /* Field.swift in Sources */,
				7914C2DD237483F2008E2B24 /* Note.swift in Sources */,
				2CA71A4D236721BA00727CAE /* Intents.intentdefinition in Sources */,
				2CA71A48236720E300727CAE /* DummyModel.swift in Sources */,
				7914C2D523748169008E2B24 /* UserOrganization.swift in Sources */,
				7914C2D32374806A008E2B24 /* Organization.swift in Sources */,
				2CA71A0C23671BB600727CAE /* AppDelegate.swift in Sources */,
				2CA71A0E23671BB600727CAE /* SceneDelegate.swift in Sources */,
				2CA71A1023671BB600727CAE /* ContentView.swift in Sources */,
				7914C2DB2374832F008E2B24 /* Notification.swift in Sources */,
				2CA71A4B2367210700727CAE /* DummyUtility.swift in Sources */,
				7914C2D9237482CB008E2B24 /* Visit.swift in Sources */,
				7914C2D1237473AB008E2B24 /* User.swift in Sources */,
			);
			runOnlyForDeploymentPostprocessing = 0;
		};
		2CA71A1A23671BB800727CAE /* Sources */ = {
			isa = PBXSourcesBuildPhase;
			buildActionMask = 2147483647;
			files = (
				2CA71A2323671BB800727CAE /* JD_FarmerTests.swift in Sources */,
			);
			runOnlyForDeploymentPostprocessing = 0;
		};
		2CA71A2523671BB800727CAE /* Sources */ = {
			isa = PBXSourcesBuildPhase;
			buildActionMask = 2147483647;
			files = (
				2CA71A2E23671BB800727CAE /* JD_FarmerUITests.swift in Sources */,
			);
			runOnlyForDeploymentPostprocessing = 0;
		};
/* End PBXSourcesBuildPhase section */

/* Begin PBXTargetDependency section */
		2CA71A2023671BB800727CAE /* PBXTargetDependency */ = {
			isa = PBXTargetDependency;
			target = 2CA71A0723671BB600727CAE /* JD Farmer */;
			targetProxy = 2CA71A1F23671BB800727CAE /* PBXContainerItemProxy */;
		};
		2CA71A2B23671BB800727CAE /* PBXTargetDependency */ = {
			isa = PBXTargetDependency;
			target = 2CA71A0723671BB600727CAE /* JD Farmer */;
			targetProxy = 2CA71A2A23671BB800727CAE /* PBXContainerItemProxy */;
		};
/* End PBXTargetDependency section */

/* Begin PBXVariantGroup section */
		2CA71A1623671BB800727CAE /* LaunchScreen.storyboard */ = {
			isa = PBXVariantGroup;
			children = (
				2CA71A1723671BB800727CAE /* Base */,
			);
			name = LaunchScreen.storyboard;
			sourceTree = "<group>";
		};
/* End PBXVariantGroup section */

/* Begin XCBuildConfiguration section */
		2CA71A3023671BB800727CAE /* Debug */ = {
			isa = XCBuildConfiguration;
			buildSettings = {
				ALWAYS_SEARCH_USER_PATHS = NO;
				CLANG_ANALYZER_NONNULL = YES;
				CLANG_ANALYZER_NUMBER_OBJECT_CONVERSION = YES_AGGRESSIVE;
				CLANG_CXX_LANGUAGE_STANDARD = "gnu++14";
				CLANG_CXX_LIBRARY = "libc++";
				CLANG_ENABLE_MODULES = YES;
				CLANG_ENABLE_OBJC_ARC = YES;
				CLANG_ENABLE_OBJC_WEAK = YES;
				CLANG_WARN_BLOCK_CAPTURE_AUTORELEASING = YES;
				CLANG_WARN_BOOL_CONVERSION = YES;
				CLANG_WARN_COMMA = YES;
				CLANG_WARN_CONSTANT_CONVERSION = YES;
				CLANG_WARN_DEPRECATED_OBJC_IMPLEMENTATIONS = YES;
				CLANG_WARN_DIRECT_OBJC_ISA_USAGE = YES_ERROR;
				CLANG_WARN_DOCUMENTATION_COMMENTS = YES;
				CLANG_WARN_EMPTY_BODY = YES;
				CLANG_WARN_ENUM_CONVERSION = YES;
				CLANG_WARN_INFINITE_RECURSION = YES;
				CLANG_WARN_INT_CONVERSION = YES;
				CLANG_WARN_NON_LITERAL_NULL_CONVERSION = YES;
				CLANG_WARN_OBJC_IMPLICIT_RETAIN_SELF = YES;
				CLANG_WARN_OBJC_LITERAL_CONVERSION = YES;
				CLANG_WARN_OBJC_ROOT_CLASS = YES_ERROR;
				CLANG_WARN_RANGE_LOOP_ANALYSIS = YES;
				CLANG_WARN_STRICT_PROTOTYPES = YES;
				CLANG_WARN_SUSPICIOUS_MOVE = YES;
				CLANG_WARN_UNGUARDED_AVAILABILITY = YES_AGGRESSIVE;
				CLANG_WARN_UNREACHABLE_CODE = YES;
				CLANG_WARN__DUPLICATE_METHOD_MATCH = YES;
				COPY_PHASE_STRIP = NO;
				DEBUG_INFORMATION_FORMAT = dwarf;
				ENABLE_STRICT_OBJC_MSGSEND = YES;
				ENABLE_TESTABILITY = YES;
				GCC_C_LANGUAGE_STANDARD = gnu11;
				GCC_DYNAMIC_NO_PIC = NO;
				GCC_NO_COMMON_BLOCKS = YES;
				GCC_OPTIMIZATION_LEVEL = 0;
				GCC_PREPROCESSOR_DEFINITIONS = (
					"DEBUG=1",
					"$(inherited)",
				);
				GCC_WARN_64_TO_32_BIT_CONVERSION = YES;
				GCC_WARN_ABOUT_RETURN_TYPE = YES_ERROR;
				GCC_WARN_UNDECLARED_SELECTOR = YES;
				GCC_WARN_UNINITIALIZED_AUTOS = YES_AGGRESSIVE;
				GCC_WARN_UNUSED_FUNCTION = YES;
				GCC_WARN_UNUSED_VARIABLE = YES;
				IPHONEOS_DEPLOYMENT_TARGET = 13.1;
				MTL_ENABLE_DEBUG_INFO = INCLUDE_SOURCE;
				MTL_FAST_MATH = YES;
				ONLY_ACTIVE_ARCH = YES;
				SDKROOT = iphoneos;
				SWIFT_ACTIVE_COMPILATION_CONDITIONS = DEBUG;
				SWIFT_OPTIMIZATION_LEVEL = "-Onone";
			};
			name = Debug;
		};
		2CA71A3123671BB800727CAE /* Release */ = {
			isa = XCBuildConfiguration;
			buildSettings = {
				ALWAYS_SEARCH_USER_PATHS = NO;
				CLANG_ANALYZER_NONNULL = YES;
				CLANG_ANALYZER_NUMBER_OBJECT_CONVERSION = YES_AGGRESSIVE;
				CLANG_CXX_LANGUAGE_STANDARD = "gnu++14";
				CLANG_CXX_LIBRARY = "libc++";
				CLANG_ENABLE_MODULES = YES;
				CLANG_ENABLE_OBJC_ARC = YES;
				CLANG_ENABLE_OBJC_WEAK = YES;
				CLANG_WARN_BLOCK_CAPTURE_AUTORELEASING = YES;
				CLANG_WARN_BOOL_CONVERSION = YES;
				CLANG_WARN_COMMA = YES;
				CLANG_WARN_CONSTANT_CONVERSION = YES;
				CLANG_WARN_DEPRECATED_OBJC_IMPLEMENTATIONS = YES;
				CLANG_WARN_DIRECT_OBJC_ISA_USAGE = YES_ERROR;
				CLANG_WARN_DOCUMENTATION_COMMENTS = YES;
				CLANG_WARN_EMPTY_BODY = YES;
				CLANG_WARN_ENUM_CONVERSION = YES;
				CLANG_WARN_INFINITE_RECURSION = YES;
				CLANG_WARN_INT_CONVERSION = YES;
				CLANG_WARN_NON_LITERAL_NULL_CONVERSION = YES;
				CLANG_WARN_OBJC_IMPLICIT_RETAIN_SELF = YES;
				CLANG_WARN_OBJC_LITERAL_CONVERSION = YES;
				CLANG_WARN_OBJC_ROOT_CLASS = YES_ERROR;
				CLANG_WARN_RANGE_LOOP_ANALYSIS = YES;
				CLANG_WARN_STRICT_PROTOTYPES = YES;
				CLANG_WARN_SUSPICIOUS_MOVE = YES;
				CLANG_WARN_UNGUARDED_AVAILABILITY = YES_AGGRESSIVE;
				CLANG_WARN_UNREACHABLE_CODE = YES;
				CLANG_WARN__DUPLICATE_METHOD_MATCH = YES;
				COPY_PHASE_STRIP = NO;
				DEBUG_INFORMATION_FORMAT = "dwarf-with-dsym";
				ENABLE_NS_ASSERTIONS = NO;
				ENABLE_STRICT_OBJC_MSGSEND = YES;
				GCC_C_LANGUAGE_STANDARD = gnu11;
				GCC_NO_COMMON_BLOCKS = YES;
				GCC_WARN_64_TO_32_BIT_CONVERSION = YES;
				GCC_WARN_ABOUT_RETURN_TYPE = YES_ERROR;
				GCC_WARN_UNDECLARED_SELECTOR = YES;
				GCC_WARN_UNINITIALIZED_AUTOS = YES_AGGRESSIVE;
				GCC_WARN_UNUSED_FUNCTION = YES;
				GCC_WARN_UNUSED_VARIABLE = YES;
				IPHONEOS_DEPLOYMENT_TARGET = 13.1;
				MTL_ENABLE_DEBUG_INFO = NO;
				MTL_FAST_MATH = YES;
				SDKROOT = iphoneos;
				SWIFT_COMPILATION_MODE = wholemodule;
				SWIFT_OPTIMIZATION_LEVEL = "-O";
				VALIDATE_PRODUCT = YES;
			};
			name = Release;
		};
		2CA71A3323671BB800727CAE /* Debug */ = {
			isa = XCBuildConfiguration;
			baseConfigurationReference = 5B96D0F0C608BAB62EC2B9AC /* Pods-JD Farmer.debug.xcconfig */;
			buildSettings = {
				ASSETCATALOG_COMPILER_APPICON_NAME = AppIcon;
				CODE_SIGN_ENTITLEMENTS = "JD Farmer/JD Farmer.entitlements";
				CODE_SIGN_STYLE = Automatic;
				DEVELOPMENT_ASSET_PATHS = "\"JD Farmer/Preview Content\"";
				DEVELOPMENT_TEAM = "";
				ENABLE_PREVIEWS = YES;
				INFOPLIST_FILE = "JD Farmer/Info.plist";
				LD_RUNPATH_SEARCH_PATHS = (
					"$(inherited)",
					"@executable_path/Frameworks",
				);
				PRODUCT_BUNDLE_IDENTIFIER = "com.arian.JD-Farmer";
				PRODUCT_NAME = "$(TARGET_NAME)";
				SWIFT_VERSION = 5.0;
				TARGETED_DEVICE_FAMILY = 1;
			};
			name = Debug;
		};
		2CA71A3423671BB800727CAE /* Release */ = {
			isa = XCBuildConfiguration;
			baseConfigurationReference = E2064C40688FBFB56C1D2C5D /* Pods-JD Farmer.release.xcconfig */;
			buildSettings = {
				ASSETCATALOG_COMPILER_APPICON_NAME = AppIcon;
				CODE_SIGN_ENTITLEMENTS = "JD Farmer/JD Farmer.entitlements";
				CODE_SIGN_STYLE = Automatic;
				DEVELOPMENT_ASSET_PATHS = "\"JD Farmer/Preview Content\"";
				DEVELOPMENT_TEAM = "";
				ENABLE_PREVIEWS = YES;
				INFOPLIST_FILE = "JD Farmer/Info.plist";
				LD_RUNPATH_SEARCH_PATHS = (
					"$(inherited)",
					"@executable_path/Frameworks",
				);
				PRODUCT_BUNDLE_IDENTIFIER = "com.arian.JD-Farmer";
				PRODUCT_NAME = "$(TARGET_NAME)";
				SWIFT_VERSION = 5.0;
				TARGETED_DEVICE_FAMILY = 1;
			};
			name = Release;
		};
		2CA71A3623671BB800727CAE /* Debug */ = {
			isa = XCBuildConfiguration;
			baseConfigurationReference = 00740ADAA2D5A561FCD5C4D1 /* Pods-JD FarmerTests.debug.xcconfig */;
			buildSettings = {
				ALWAYS_EMBED_SWIFT_STANDARD_LIBRARIES = YES;
				BUNDLE_LOADER = "$(TEST_HOST)";
				CODE_SIGN_STYLE = Automatic;
				DEVELOPMENT_TEAM = RP2THKM2M4;
				INFOPLIST_FILE = "JD FarmerTests/Info.plist";
				IPHONEOS_DEPLOYMENT_TARGET = 13.1;
				LD_RUNPATH_SEARCH_PATHS = (
					"$(inherited)",
					"@executable_path/Frameworks",
					"@loader_path/Frameworks",
				);
				PRODUCT_BUNDLE_IDENTIFIER = "com.arian.JD-FarmerTests";
				PRODUCT_NAME = "$(TARGET_NAME)";
				SWIFT_VERSION = 5.0;
				TARGETED_DEVICE_FAMILY = "1,2";
				TEST_HOST = "$(BUILT_PRODUCTS_DIR)/JD Farmer.app/JD Farmer";
			};
			name = Debug;
		};
		2CA71A3723671BB800727CAE /* Release */ = {
			isa = XCBuildConfiguration;
			baseConfigurationReference = 0C8999967C1D21521A8DC888 /* Pods-JD FarmerTests.release.xcconfig */;
			buildSettings = {
				ALWAYS_EMBED_SWIFT_STANDARD_LIBRARIES = YES;
				BUNDLE_LOADER = "$(TEST_HOST)";
				CODE_SIGN_STYLE = Automatic;
				DEVELOPMENT_TEAM = RP2THKM2M4;
				INFOPLIST_FILE = "JD FarmerTests/Info.plist";
				IPHONEOS_DEPLOYMENT_TARGET = 13.1;
				LD_RUNPATH_SEARCH_PATHS = (
					"$(inherited)",
					"@executable_path/Frameworks",
					"@loader_path/Frameworks",
				);
				PRODUCT_BUNDLE_IDENTIFIER = "com.arian.JD-FarmerTests";
				PRODUCT_NAME = "$(TARGET_NAME)";
				SWIFT_VERSION = 5.0;
				TARGETED_DEVICE_FAMILY = "1,2";
				TEST_HOST = "$(BUILT_PRODUCTS_DIR)/JD Farmer.app/JD Farmer";
			};
			name = Release;
		};
		2CA71A3923671BB800727CAE /* Debug */ = {
			isa = XCBuildConfiguration;
			baseConfigurationReference = E6496652DF594EBE1658434E /* Pods-JD Farmer-JD FarmerUITests.debug.xcconfig */;
			buildSettings = {
				ALWAYS_EMBED_SWIFT_STANDARD_LIBRARIES = YES;
				CODE_SIGN_STYLE = Automatic;
				DEVELOPMENT_TEAM = RP2THKM2M4;
				INFOPLIST_FILE = "JD FarmerUITests/Info.plist";
				LD_RUNPATH_SEARCH_PATHS = (
					"$(inherited)",
					"@executable_path/Frameworks",
					"@loader_path/Frameworks",
				);
				PRODUCT_BUNDLE_IDENTIFIER = "com.arian.JD-FarmerUITests";
				PRODUCT_NAME = "$(TARGET_NAME)";
				SWIFT_VERSION = 5.0;
				TARGETED_DEVICE_FAMILY = "1,2";
				TEST_TARGET_NAME = "JD Farmer";
			};
			name = Debug;
		};
		2CA71A3A23671BB800727CAE /* Release */ = {
			isa = XCBuildConfiguration;
			baseConfigurationReference = EDF39F22B82611F50CAB3355 /* Pods-JD Farmer-JD FarmerUITests.release.xcconfig */;
			buildSettings = {
				ALWAYS_EMBED_SWIFT_STANDARD_LIBRARIES = YES;
				CODE_SIGN_STYLE = Automatic;
				DEVELOPMENT_TEAM = RP2THKM2M4;
				INFOPLIST_FILE = "JD FarmerUITests/Info.plist";
				LD_RUNPATH_SEARCH_PATHS = (
					"$(inherited)",
					"@executable_path/Frameworks",
					"@loader_path/Frameworks",
				);
				PRODUCT_BUNDLE_IDENTIFIER = "com.arian.JD-FarmerUITests";
				PRODUCT_NAME = "$(TARGET_NAME)";
				SWIFT_VERSION = 5.0;
				TARGETED_DEVICE_FAMILY = "1,2";
				TEST_TARGET_NAME = "JD Farmer";
			};
			name = Release;
		};
/* End XCBuildConfiguration section */

/* Begin XCConfigurationList section */
		2CA71A0323671BB600727CAE /* Build configuration list for PBXProject "JD Farmer" */ = {
			isa = XCConfigurationList;
			buildConfigurations = (
				2CA71A3023671BB800727CAE /* Debug */,
				2CA71A3123671BB800727CAE /* Release */,
			);
			defaultConfigurationIsVisible = 0;
			defaultConfigurationName = Release;
		};
		2CA71A3223671BB800727CAE /* Build configuration list for PBXNativeTarget "JD Farmer" */ = {
			isa = XCConfigurationList;
			buildConfigurations = (
				2CA71A3323671BB800727CAE /* Debug */,
				2CA71A3423671BB800727CAE /* Release */,
			);
			defaultConfigurationIsVisible = 0;
			defaultConfigurationName = Release;
		};
		2CA71A3523671BB800727CAE /* Build configuration list for PBXNativeTarget "JD FarmerTests" */ = {
			isa = XCConfigurationList;
			buildConfigurations = (
				2CA71A3623671BB800727CAE /* Debug */,
				2CA71A3723671BB800727CAE /* Release */,
			);
			defaultConfigurationIsVisible = 0;
			defaultConfigurationName = Release;
		};
		2CA71A3823671BB800727CAE /* Build configuration list for PBXNativeTarget "JD FarmerUITests" */ = {
			isa = XCConfigurationList;
			buildConfigurations = (
				2CA71A3923671BB800727CAE /* Debug */,
				2CA71A3A23671BB800727CAE /* Release */,
			);
			defaultConfigurationIsVisible = 0;
			defaultConfigurationName = Release;
		};
/* End XCConfigurationList section */
	};
	rootObject = 2CA71A0023671BB600727CAE /* Project object */;
}
