// !$*UTF8*$!
{
	archiveVersion = 1;
	classes = {
	};
	objectVersion = 50;
	objects = {

/* Begin PBXBuildFile section */
		F8A95355237314E700C130FB /* AppDelegate.swift in Sources */ = {isa = PBXBuildFile; fileRef = F8A95354237314E700C130FB /* AppDelegate.swift */; };
		F8A95357237314E700C130FB /* SceneDelegate.swift in Sources */ = {isa = PBXBuildFile; fileRef = F8A95356237314E700C130FB /* SceneDelegate.swift */; };
		F8A95359237314E700C130FB /* ViewController.swift in Sources */ = {isa = PBXBuildFile; fileRef = F8A95358237314E700C130FB /* ViewController.swift */; };
		F8A9535C237314E700C130FB /* Main.storyboard in Resources */ = {isa = PBXBuildFile; fileRef = F8A9535A237314E700C130FB /* Main.storyboard */; };
		F8A9535E237314E800C130FB /* Assets.xcassets in Resources */ = {isa = PBXBuildFile; fileRef = F8A9535D237314E800C130FB /* Assets.xcassets */; };
		F8A95361237314E800C130FB /* LaunchScreen.storyboard in Resources */ = {isa = PBXBuildFile; fileRef = F8A9535F237314E800C130FB /* LaunchScreen.storyboard */; };
		F8A9536C237314E900C130FB /* MapViewTests.swift in Sources */ = {isa = PBXBuildFile; fileRef = F8A9536B237314E900C130FB /* MapViewTests.swift */; };
		F8A95377237314E900C130FB /* MapViewUITests.swift in Sources */ = {isa = PBXBuildFile; fileRef = F8A95376237314E900C130FB /* MapViewUITests.swift */; };
		F8A9538723731A2A00C130FB /* GoogleService-Info.plist in Resources */ = {isa = PBXBuildFile; fileRef = F8A9538623731A2A00C130FB /* GoogleService-Info.plist */; };
		F8A9538823731A2A00C130FB /* GoogleService-Info.plist in Resources */ = {isa = PBXBuildFile; fileRef = F8A9538623731A2A00C130FB /* GoogleService-Info.plist */; };
		F8A9538923731A2A00C130FB /* GoogleService-Info.plist in Resources */ = {isa = PBXBuildFile; fileRef = F8A9538623731A2A00C130FB /* GoogleService-Info.plist */; };
/* End PBXBuildFile section */

/* Begin PBXContainerItemProxy section */
		F8A95368237314E900C130FB /* PBXContainerItemProxy */ = {
			isa = PBXContainerItemProxy;
			containerPortal = F8A95349237314E700C130FB /* Project object */;
			proxyType = 1;
			remoteGlobalIDString = F8A95350237314E700C130FB;
			remoteInfo = MapView;
		};
		F8A95373237314E900C130FB /* PBXContainerItemProxy */ = {
			isa = PBXContainerItemProxy;
			containerPortal = F8A95349237314E700C130FB /* Project object */;
			proxyType = 1;
			remoteGlobalIDString = F8A95350237314E700C130FB;
			remoteInfo = MapView;
		};
/* End PBXContainerItemProxy section */

/* Begin PBXFileReference section */
		F8A95351237314E700C130FB /* MapView.app */ = {isa = PBXFileReference; explicitFileType = wrapper.application; includeInIndex = 0; path = MapView.app; sourceTree = BUILT_PRODUCTS_DIR; };
		F8A95354237314E700C130FB /* AppDelegate.swift */ = {isa = PBXFileReference; lastKnownFileType = sourcecode.swift; path = AppDelegate.swift; sourceTree = "<group>"; };
		F8A95356237314E700C130FB /* SceneDelegate.swift */ = {isa = PBXFileReference; lastKnownFileType = sourcecode.swift; path = SceneDelegate.swift; sourceTree = "<group>"; };
		F8A95358237314E700C130FB /* ViewController.swift */ = {isa = PBXFileReference; lastKnownFileType = sourcecode.swift; path = ViewController.swift; sourceTree = "<group>"; };
		F8A9535B237314E700C130FB /* Base */ = {isa = PBXFileReference; lastKnownFileType = file.storyboard; name = Base; path = Base.lproj/Main.storyboard; sourceTree = "<group>"; };
		F8A9535D237314E800C130FB /* Assets.xcassets */ = {isa = PBXFileReference; lastKnownFileType = folder.assetcatalog; path = Assets.xcassets; sourceTree = "<group>"; };
		F8A95360237314E800C130FB /* Base */ = {isa = PBXFileReference; lastKnownFileType = file.storyboard; name = Base; path = Base.lproj/LaunchScreen.storyboard; sourceTree = "<group>"; };
		F8A95362237314E800C130FB /* Info.plist */ = {isa = PBXFileReference; lastKnownFileType = text.plist.xml; path = Info.plist; sourceTree = "<group>"; };
		F8A95367237314E900C130FB /* MapViewTests.xctest */ = {isa = PBXFileReference; explicitFileType = wrapper.cfbundle; includeInIndex = 0; path = MapViewTests.xctest; sourceTree = BUILT_PRODUCTS_DIR; };
		F8A9536B237314E900C130FB /* MapViewTests.swift */ = {isa = PBXFileReference; lastKnownFileType = sourcecode.swift; path = MapViewTests.swift; sourceTree = "<group>"; };
		F8A9536D237314E900C130FB /* Info.plist */ = {isa = PBXFileReference; lastKnownFileType = text.plist.xml; path = Info.plist; sourceTree = "<group>"; };
		F8A95372237314E900C130FB /* MapViewUITests.xctest */ = {isa = PBXFileReference; explicitFileType = wrapper.cfbundle; includeInIndex = 0; path = MapViewUITests.xctest; sourceTree = BUILT_PRODUCTS_DIR; };
		F8A95376237314E900C130FB /* MapViewUITests.swift */ = {isa = PBXFileReference; lastKnownFileType = sourcecode.swift; path = MapViewUITests.swift; sourceTree = "<group>"; };
		F8A95378237314E900C130FB /* Info.plist */ = {isa = PBXFileReference; lastKnownFileType = text.plist.xml; path = Info.plist; sourceTree = "<group>"; };
		F8A9538623731A2A00C130FB /* GoogleService-Info.plist */ = {isa = PBXFileReference; fileEncoding = 4; lastKnownFileType = text.plist.xml; path = "GoogleService-Info.plist"; sourceTree = "<group>"; };
/* End PBXFileReference section */

/* Begin PBXFrameworksBuildPhase section */
		F8A9534E237314E700C130FB /* Frameworks */ = {
			isa = PBXFrameworksBuildPhase;
			buildActionMask = 2147483647;
			files = (
			);
			runOnlyForDeploymentPostprocessing = 0;
		};
		F8A95364237314E900C130FB /* Frameworks */ = {
			isa = PBXFrameworksBuildPhase;
			buildActionMask = 2147483647;
			files = (
			);
			runOnlyForDeploymentPostprocessing = 0;
		};
		F8A9536F237314E900C130FB /* Frameworks */ = {
			isa = PBXFrameworksBuildPhase;
			buildActionMask = 2147483647;
			files = (
			);
			runOnlyForDeploymentPostprocessing = 0;
		};
/* End PBXFrameworksBuildPhase section */

/* Begin PBXGroup section */
		F8A95348237314E700C130FB = {
			isa = PBXGroup;
			children = (
				F8A95353237314E700C130FB /* MapView */,
				F8A9536A237314E900C130FB /* MapViewTests */,
				F8A95352237314E700C130FB /* Products */,
			);
			sourceTree = "<group>";
		};
		F8A95352237314E700C130FB /* Products */ = {
			isa = PBXGroup;
			children = (
				F8A95351237314E700C130FB /* MapView.app */,
				F8A95367237314E900C130FB /* MapViewTests.xctest */,
				F8A95372237314E900C130FB /* MapViewUITests.xctest */,
			);
			name = Products;
			sourceTree = "<group>";
		};
		F8A95353237314E700C130FB /* MapView */ = {
			isa = PBXGroup;
			children = (
				F8A95354237314E700C130FB /* AppDelegate.swift */,
				F8A95356237314E700C130FB /* SceneDelegate.swift */,
				F8A95358237314E700C130FB /* ViewController.swift */,
				F8A9535A237314E700C130FB /* Main.storyboard */,
				F8A9535D237314E800C130FB /* Assets.xcassets */,
				F8A9535F237314E800C130FB /* LaunchScreen.storyboard */,
				F8A95362237314E800C130FB /* Info.plist */,
				F8A9538623731A2A00C130FB /* GoogleService-Info.plist */,
			);
			path = MapView;
			sourceTree = "<group>";
		};
		F8A9536A237314E900C130FB /* MapViewTests */ = {
			isa = PBXGroup;
			children = (
				F8A9536B237314E900C130FB /* MapViewTests.swift */,
				F8A9536D237314E900C130FB /* Info.plist */,
				F8A95375237314E900C130FB /* MapViewUITests */,
			);
			path = MapViewTests;
			sourceTree = "<group>";
		};
		F8A95375237314E900C130FB /* MapViewUITests */ = {
			isa = PBXGroup;
			children = (
				F8A95376237314E900C130FB /* MapViewUITests.swift */,
				F8A95378237314E900C130FB /* Info.plist */,
			);
			path = MapViewUITests;
			sourceTree = "<group>";
		};
/* End PBXGroup section */

/* Begin PBXNativeTarget section */
		F8A95350237314E700C130FB /* MapView */ = {
			isa = PBXNativeTarget;
			buildConfigurationList = F8A9537B237314E900C130FB /* Build configuration list for PBXNativeTarget "MapView" */;
			buildPhases = (
				F8A9534D237314E700C130FB /* Sources */,
				F8A9534E237314E700C130FB /* Frameworks */,
				F8A9534F237314E700C130FB /* Resources */,
			);
			buildRules = (
			);
			dependencies = (
			);
			name = MapView;
			productName = MapView;
			productReference = F8A95351237314E700C130FB /* MapView.app */;
			productType = "com.apple.product-type.application";
		};
		F8A95366237314E900C130FB /* MapViewTests */ = {
			isa = PBXNativeTarget;
			buildConfigurationList = F8A9537E237314E900C130FB /* Build configuration list for PBXNativeTarget "MapViewTests" */;
			buildPhases = (
				F8A95363237314E900C130FB /* Sources */,
				F8A95364237314E900C130FB /* Frameworks */,
				F8A95365237314E900C130FB /* Resources */,
			);
			buildRules = (
			);
			dependencies = (
				F8A95369237314E900C130FB /* PBXTargetDependency */,
			);
			name = MapViewTests;
			productName = MapViewTests;
			productReference = F8A95367237314E900C130FB /* MapViewTests.xctest */;
			productType = "com.apple.product-type.bundle.unit-test";
		};
		F8A95371237314E900C130FB /* MapViewUITests */ = {
			isa = PBXNativeTarget;
			buildConfigurationList = F8A95381237314E900C130FB /* Build configuration list for PBXNativeTarget "MapViewUITests" */;
			buildPhases = (
				F8A9536E237314E900C130FB /* Sources */,
				F8A9536F237314E900C130FB /* Frameworks */,
				F8A95370237314E900C130FB /* Resources */,
			);
			buildRules = (
			);
			dependencies = (
				F8A95374237314E900C130FB /* PBXTargetDependency */,
			);
			name = MapViewUITests;
			productName = MapViewUITests;
			productReference = F8A95372237314E900C130FB /* MapViewUITests.xctest */;
			productType = "com.apple.product-type.bundle.ui-testing";
		};
/* End PBXNativeTarget section */

/* Begin PBXProject section */
		F8A95349237314E700C130FB /* Project object */ = {
			isa = PBXProject;
			attributes = {
				LastSwiftUpdateCheck = 1120;
				LastUpgradeCheck = 1120;
				ORGANIZATIONNAME = "Anwari, Mahrukh";
				TargetAttributes = {
					F8A95350237314E700C130FB = {
						CreatedOnToolsVersion = 11.2;
					};
					F8A95366237314E900C130FB = {
						CreatedOnToolsVersion = 11.2;
						TestTargetID = F8A95350237314E700C130FB;
					};
					F8A95371237314E900C130FB = {
						CreatedOnToolsVersion = 11.2;
						TestTargetID = F8A95350237314E700C130FB;
					};
				};
			};
			buildConfigurationList = F8A9534C237314E700C130FB /* Build configuration list for PBXProject "MapView" */;
			compatibilityVersion = "Xcode 9.3";
			developmentRegion = en;
			hasScannedForEncodings = 0;
			knownRegions = (
				en,
				Base,
			);
			mainGroup = F8A95348237314E700C130FB;
			productRefGroup = F8A95352237314E700C130FB /* Products */;
			projectDirPath = "";
			projectRoot = "";
			targets = (
				F8A95350237314E700C130FB /* MapView */,
				F8A95366237314E900C130FB /* MapViewTests */,
				F8A95371237314E900C130FB /* MapViewUITests */,
			);
		};
/* End PBXProject section */

/* Begin PBXResourcesBuildPhase section */
		F8A9534F237314E700C130FB /* Resources */ = {
			isa = PBXResourcesBuildPhase;
			buildActionMask = 2147483647;
			files = (
				F8A95361237314E800C130FB /* LaunchScreen.storyboard in Resources */,
				F8A9538723731A2A00C130FB /* GoogleService-Info.plist in Resources */,
				F8A9535E237314E800C130FB /* Assets.xcassets in Resources */,
				F8A9535C237314E700C130FB /* Main.storyboard in Resources */,
			);
			runOnlyForDeploymentPostprocessing = 0;
		};
		F8A95365237314E900C130FB /* Resources */ = {
			isa = PBXResourcesBuildPhase;
			buildActionMask = 2147483647;
			files = (
				F8A9538823731A2A00C130FB /* GoogleService-Info.plist in Resources */,
			);
			runOnlyForDeploymentPostprocessing = 0;
		};
		F8A95370237314E900C130FB /* Resources */ = {
			isa = PBXResourcesBuildPhase;
			buildActionMask = 2147483647;
			files = (
				F8A9538923731A2A00C130FB /* GoogleService-Info.plist in Resources */,
			);
			runOnlyForDeploymentPostprocessing = 0;
		};
/* End PBXResourcesBuildPhase section */

/* Begin PBXSourcesBuildPhase section */
		F8A9534D237314E700C130FB /* Sources */ = {
			isa = PBXSourcesBuildPhase;
			buildActionMask = 2147483647;
			files = (
				F8A95359237314E700C130FB /* ViewController.swift in Sources */,
				F8A95355237314E700C130FB /* AppDelegate.swift in Sources */,
				F8A95357237314E700C130FB /* SceneDelegate.swift in Sources */,
			);
			runOnlyForDeploymentPostprocessing = 0;
		};
		F8A95363237314E900C130FB /* Sources */ = {
			isa = PBXSourcesBuildPhase;
			buildActionMask = 2147483647;
			files = (
				F8A9536C237314E900C130FB /* MapViewTests.swift in Sources */,
			);
			runOnlyForDeploymentPostprocessing = 0;
		};
		F8A9536E237314E900C130FB /* Sources */ = {
			isa = PBXSourcesBuildPhase;
			buildActionMask = 2147483647;
			files = (
				F8A95377237314E900C130FB /* MapViewUITests.swift in Sources */,
			);
			runOnlyForDeploymentPostprocessing = 0;
		};
/* End PBXSourcesBuildPhase section */

/* Begin PBXTargetDependency section */
		F8A95369237314E900C130FB /* PBXTargetDependency */ = {
			isa = PBXTargetDependency;
			target = F8A95350237314E700C130FB /* MapView */;
			targetProxy = F8A95368237314E900C130FB /* PBXContainerItemProxy */;
		};
		F8A95374237314E900C130FB /* PBXTargetDependency */ = {
			isa = PBXTargetDependency;
			target = F8A95350237314E700C130FB /* MapView */;
			targetProxy = F8A95373237314E900C130FB /* PBXContainerItemProxy */;
		};
/* End PBXTargetDependency section */

/* Begin PBXVariantGroup section */
		F8A9535A237314E700C130FB /* Main.storyboard */ = {
			isa = PBXVariantGroup;
			children = (
				F8A9535B237314E700C130FB /* Base */,
			);
			name = Main.storyboard;
			sourceTree = "<group>";
		};
		F8A9535F237314E800C130FB /* LaunchScreen.storyboard */ = {
			isa = PBXVariantGroup;
			children = (
				F8A95360237314E800C130FB /* Base */,
			);
			name = LaunchScreen.storyboard;
			sourceTree = "<group>";
		};
/* End PBXVariantGroup section */

/* Begin XCBuildConfiguration section */
		F8A95379237314E900C130FB /* Debug */ = {
			isa = XCBuildConfiguration;
			buildSettings = {
				ALWAYS_SEARCH_USER_PATHS = NO;
				CLANG_ANALYZER_NONNULL = YES;
				CLANG_ANALYZER_NUMBER_OBJECT_CONVERSION = YES_AGGRESSIVE;
				CLANG_CXX_LANGUAGE_STANDARD = "gnu++14";
				CLANG_CXX_LIBRARY = "libc++";
				CLANG_ENABLE_MODULES = YES;
				CLANG_ENABLE_OBJC_ARC = YES;
				CLANG_ENABLE_OBJC_WEAK = YES;
				CLANG_WARN_BLOCK_CAPTURE_AUTORELEASING = YES;
				CLANG_WARN_BOOL_CONVERSION = YES;
				CLANG_WARN_COMMA = YES;
				CLANG_WARN_CONSTANT_CONVERSION = YES;
				CLANG_WARN_DEPRECATED_OBJC_IMPLEMENTATIONS = YES;
				CLANG_WARN_DIRECT_OBJC_ISA_USAGE = YES_ERROR;
				CLANG_WARN_DOCUMENTATION_COMMENTS = YES;
				CLANG_WARN_EMPTY_BODY = YES;
				CLANG_WARN_ENUM_CONVERSION = YES;
				CLANG_WARN_INFINITE_RECURSION = YES;
				CLANG_WARN_INT_CONVERSION = YES;
				CLANG_WARN_NON_LITERAL_NULL_CONVERSION = YES;
				CLANG_WARN_OBJC_IMPLICIT_RETAIN_SELF = YES;
				CLANG_WARN_OBJC_LITERAL_CONVERSION = YES;
				CLANG_WARN_OBJC_ROOT_CLASS = YES_ERROR;
				CLANG_WARN_RANGE_LOOP_ANALYSIS = YES;
				CLANG_WARN_STRICT_PROTOTYPES = YES;
				CLANG_WARN_SUSPICIOUS_MOVE = YES;
				CLANG_WARN_UNGUARDED_AVAILABILITY = YES_AGGRESSIVE;
				CLANG_WARN_UNREACHABLE_CODE = YES;
				CLANG_WARN__DUPLICATE_METHOD_MATCH = YES;
				COPY_PHASE_STRIP = NO;
				DEBUG_INFORMATION_FORMAT = dwarf;
				ENABLE_STRICT_OBJC_MSGSEND = YES;
				ENABLE_TESTABILITY = YES;
				GCC_C_LANGUAGE_STANDARD = gnu11;
				GCC_DYNAMIC_NO_PIC = NO;
				GCC_NO_COMMON_BLOCKS = YES;
				GCC_OPTIMIZATION_LEVEL = 0;
				GCC_PREPROCESSOR_DEFINITIONS = (
					"DEBUG=1",
					"$(inherited)",
				);
				GCC_WARN_64_TO_32_BIT_CONVERSION = YES;
				GCC_WARN_ABOUT_RETURN_TYPE = YES_ERROR;
				GCC_WARN_UNDECLARED_SELECTOR = YES;
				GCC_WARN_UNINITIALIZED_AUTOS = YES_AGGRESSIVE;
				GCC_WARN_UNUSED_FUNCTION = YES;
				GCC_WARN_UNUSED_VARIABLE = YES;
				IPHONEOS_DEPLOYMENT_TARGET = 13.2;
				MTL_ENABLE_DEBUG_INFO = INCLUDE_SOURCE;
				MTL_FAST_MATH = YES;
				ONLY_ACTIVE_ARCH = YES;
				SDKROOT = iphoneos;
				SWIFT_ACTIVE_COMPILATION_CONDITIONS = DEBUG;
				SWIFT_OPTIMIZATION_LEVEL = "-Onone";
			};
			name = Debug;
		};
		F8A9537A237314E900C130FB /* Release */ = {
			isa = XCBuildConfiguration;
			buildSettings = {
				ALWAYS_SEARCH_USER_PATHS = NO;
				CLANG_ANALYZER_NONNULL = YES;
				CLANG_ANALYZER_NUMBER_OBJECT_CONVERSION = YES_AGGRESSIVE;
				CLANG_CXX_LANGUAGE_STANDARD = "gnu++14";
				CLANG_CXX_LIBRARY = "libc++";
				CLANG_ENABLE_MODULES = YES;
				CLANG_ENABLE_OBJC_ARC = YES;
				CLANG_ENABLE_OBJC_WEAK = YES;
				CLANG_WARN_BLOCK_CAPTURE_AUTORELEASING = YES;
				CLANG_WARN_BOOL_CONVERSION = YES;
				CLANG_WARN_COMMA = YES;
				CLANG_WARN_CONSTANT_CONVERSION = YES;
				CLANG_WARN_DEPRECATED_OBJC_IMPLEMENTATIONS = YES;
				CLANG_WARN_DIRECT_OBJC_ISA_USAGE = YES_ERROR;
				CLANG_WARN_DOCUMENTATION_COMMENTS = YES;
				CLANG_WARN_EMPTY_BODY = YES;
				CLANG_WARN_ENUM_CONVERSION = YES;
				CLANG_WARN_INFINITE_RECURSION = YES;
				CLANG_WARN_INT_CONVERSION = YES;
				CLANG_WARN_NON_LITERAL_NULL_CONVERSION = YES;
				CLANG_WARN_OBJC_IMPLICIT_RETAIN_SELF = YES;
				CLANG_WARN_OBJC_LITERAL_CONVERSION = YES;
				CLANG_WARN_OBJC_ROOT_CLASS = YES_ERROR;
				CLANG_WARN_RANGE_LOOP_ANALYSIS = YES;
				CLANG_WARN_STRICT_PROTOTYPES = YES;
				CLANG_WARN_SUSPICIOUS_MOVE = YES;
				CLANG_WARN_UNGUARDED_AVAILABILITY = YES_AGGRESSIVE;
				CLANG_WARN_UNREACHABLE_CODE = YES;
				CLANG_WARN__DUPLICATE_METHOD_MATCH = YES;
				COPY_PHASE_STRIP = NO;
				DEBUG_INFORMATION_FORMAT = "dwarf-with-dsym";
				ENABLE_NS_ASSERTIONS = NO;
				ENABLE_STRICT_OBJC_MSGSEND = YES;
				GCC_C_LANGUAGE_STANDARD = gnu11;
				GCC_NO_COMMON_BLOCKS = YES;
				GCC_WARN_64_TO_32_BIT_CONVERSION = YES;
				GCC_WARN_ABOUT_RETURN_TYPE = YES_ERROR;
				GCC_WARN_UNDECLARED_SELECTOR = YES;
				GCC_WARN_UNINITIALIZED_AUTOS = YES_AGGRESSIVE;
				GCC_WARN_UNUSED_FUNCTION = YES;
				GCC_WARN_UNUSED_VARIABLE = YES;
				IPHONEOS_DEPLOYMENT_TARGET = 13.2;
				MTL_ENABLE_DEBUG_INFO = NO;
				MTL_FAST_MATH = YES;
				SDKROOT = iphoneos;
				SWIFT_COMPILATION_MODE = wholemodule;
				SWIFT_OPTIMIZATION_LEVEL = "-O";
				VALIDATE_PRODUCT = YES;
			};
			name = Release;
		};
		F8A9537C237314E900C130FB /* Debug */ = {
			isa = XCBuildConfiguration;
			buildSettings = {
				ASSETCATALOG_COMPILER_APPICON_NAME = AppIcon;
				CODE_SIGN_STYLE = Automatic;
				DEVELOPMENT_TEAM = CV5FG7Y9B8;
				INFOPLIST_FILE = MapView/Info.plist;
				IPHONEOS_DEPLOYMENT_TARGET = 13.1;
				LD_RUNPATH_SEARCH_PATHS = (
					"$(inherited)",
					"@executable_path/Frameworks",
				);
				PRODUCT_BUNDLE_IDENTIFIER = de.fhg.iese.tbsd.MapView.MapView;
				PRODUCT_NAME = "$(TARGET_NAME)";
				SWIFT_VERSION = 5.0;
				TARGETED_DEVICE_FAMILY = "1,2";
			};
			name = Debug;
		};
		F8A9537D237314E900C130FB /* Release */ = {
			isa = XCBuildConfiguration;
			buildSettings = {
				ASSETCATALOG_COMPILER_APPICON_NAME = AppIcon;
				CODE_SIGN_STYLE = Automatic;
				DEVELOPMENT_TEAM = CV5FG7Y9B8;
				INFOPLIST_FILE = MapView/Info.plist;
				IPHONEOS_DEPLOYMENT_TARGET = 13.1;
				LD_RUNPATH_SEARCH_PATHS = (
					"$(inherited)",
					"@executable_path/Frameworks",
				);
				PRODUCT_BUNDLE_IDENTIFIER = de.fhg.iese.tbsd.MapView.MapView;
				PRODUCT_NAME = "$(TARGET_NAME)";
				SWIFT_VERSION = 5.0;
				TARGETED_DEVICE_FAMILY = "1,2";
			};
			name = Release;
		};
		F8A9537F237314E900C130FB /* Debug */ = {
			isa = XCBuildConfiguration;
			buildSettings = {
				ALWAYS_EMBED_SWIFT_STANDARD_LIBRARIES = YES;
				BUNDLE_LOADER = "$(TEST_HOST)";
				CODE_SIGN_STYLE = Automatic;
				INFOPLIST_FILE = MapViewTests/Info.plist;
				IPHONEOS_DEPLOYMENT_TARGET = 13.1;
				LD_RUNPATH_SEARCH_PATHS = (
					"$(inherited)",
					"@executable_path/Frameworks",
					"@loader_path/Frameworks",
				);
				PRODUCT_BUNDLE_IDENTIFIER = com.Map.MapView.MapViewTests;
				PRODUCT_NAME = "$(TARGET_NAME)";
				SWIFT_VERSION = 5.0;
				TARGETED_DEVICE_FAMILY = "1,2";
				TEST_HOST = "$(BUILT_PRODUCTS_DIR)/MapView.app/MapView";
			};
			name = Debug;
		};
		F8A95380237314E900C130FB /* Release */ = {
			isa = XCBuildConfiguration;
			buildSettings = {
				ALWAYS_EMBED_SWIFT_STANDARD_LIBRARIES = YES;
				BUNDLE_LOADER = "$(TEST_HOST)";
				CODE_SIGN_STYLE = Automatic;
				INFOPLIST_FILE = MapViewTests/Info.plist;
				IPHONEOS_DEPLOYMENT_TARGET = 13.1;
				LD_RUNPATH_SEARCH_PATHS = (
					"$(inherited)",
					"@executable_path/Frameworks",
					"@loader_path/Frameworks",
				);
				PRODUCT_BUNDLE_IDENTIFIER = com.Map.MapView.MapViewTests;
				PRODUCT_NAME = "$(TARGET_NAME)";
				SWIFT_VERSION = 5.0;
				TARGETED_DEVICE_FAMILY = "1,2";
				TEST_HOST = "$(BUILT_PRODUCTS_DIR)/MapView.app/MapView";
			};
			name = Release;
		};
		F8A95382237314E900C130FB /* Debug */ = {
			isa = XCBuildConfiguration;
			buildSettings = {
				ALWAYS_EMBED_SWIFT_STANDARD_LIBRARIES = YES;
				CODE_SIGN_STYLE = Automatic;
				INFOPLIST_FILE = MapViewUITests/Info.plist;
				IPHONEOS_DEPLOYMENT_TARGET = 13.1;
				LD_RUNPATH_SEARCH_PATHS = (
					"$(inherited)",
					"@executable_path/Frameworks",
					"@loader_path/Frameworks",
				);
				PRODUCT_BUNDLE_IDENTIFIER = com.Map.MapView.MapViewUITests;
				PRODUCT_NAME = "$(TARGET_NAME)";
				SWIFT_VERSION = 5.0;
				TARGETED_DEVICE_FAMILY = "1,2";
				TEST_TARGET_NAME = MapView;
			};
			name = Debug;
		};
		F8A95383237314E900C130FB /* Release */ = {
			isa = XCBuildConfiguration;
			buildSettings = {
				ALWAYS_EMBED_SWIFT_STANDARD_LIBRARIES = YES;
				CODE_SIGN_STYLE = Automatic;
				INFOPLIST_FILE = MapViewUITests/Info.plist;
				IPHONEOS_DEPLOYMENT_TARGET = 13.1;
				LD_RUNPATH_SEARCH_PATHS = (
					"$(inherited)",
					"@executable_path/Frameworks",
					"@loader_path/Frameworks",
				);
				PRODUCT_BUNDLE_IDENTIFIER = com.Map.MapView.MapViewUITests;
				PRODUCT_NAME = "$(TARGET_NAME)";
				SWIFT_VERSION = 5.0;
				TARGETED_DEVICE_FAMILY = "1,2";
				TEST_TARGET_NAME = MapView;
			};
			name = Release;
		};
/* End XCBuildConfiguration section */

/* Begin XCConfigurationList section */
		F8A9534C237314E700C130FB /* Build configuration list for PBXProject "MapView" */ = {
			isa = XCConfigurationList;
			buildConfigurations = (
				F8A95379237314E900C130FB /* Debug */,
				F8A9537A237314E900C130FB /* Release */,
			);
			defaultConfigurationIsVisible = 0;
			defaultConfigurationName = Release;
		};
		F8A9537B237314E900C130FB /* Build configuration list for PBXNativeTarget "MapView" */ = {
			isa = XCConfigurationList;
			buildConfigurations = (
				F8A9537C237314E900C130FB /* Debug */,
				F8A9537D237314E900C130FB /* Release */,
			);
			defaultConfigurationIsVisible = 0;
			defaultConfigurationName = Release;
		};
		F8A9537E237314E900C130FB /* Build configuration list for PBXNativeTarget "MapViewTests" */ = {
			isa = XCConfigurationList;
			buildConfigurations = (
				F8A9537F237314E900C130FB /* Debug */,
				F8A95380237314E900C130FB /* Release */,
			);
			defaultConfigurationIsVisible = 0;
			defaultConfigurationName = Release;
		};
		F8A95381237314E900C130FB /* Build configuration list for PBXNativeTarget "MapViewUITests" */ = {
			isa = XCConfigurationList;
			buildConfigurations = (
				F8A95382237314E900C130FB /* Debug */,
				F8A95383237314E900C130FB /* Release */,
			);
			defaultConfigurationIsVisible = 0;
			defaultConfigurationName = Release;
		};
/* End XCConfigurationList section */
	};
	rootObject = F8A95349237314E700C130FB /* Project object */;
}
