PODS:
  - Alamofire (4.7.3)
  - OAuthSwift (1.2.2)

DEPENDENCIES:
  - Alamofire (~> 4.7)
  - OAuthSwift (~> 1.2.0)

SPEC REPOS:
  trunk:
    - Alamofire
    - OAuthSwift

SPEC CHECKSUMS:
  Alamofire: c7287b6e5d7da964a70935e5db17046b7fde6568
  OAuthSwift: 27b34fe80b76b67cd8f45571e0be2432bc9f6de1

PODFILE CHECKSUM: c5cfa1529f3d199dc3f3ff6b80fa08078545991b

COCOAPODS: 1.8.4
